
Microsoft Visual Studio Solution File, Format Version 12.00
# Visual Studio 15
VisualStudioVersion = 15.0.28307.438
MinimumVisualStudioVersion = 10.0.40219.1
Project("{FAE04EC0-301F-11D3-BF4B-00C04F79EFBC}") = "DataAccess.FormsApp.Android", "DataAccess.FormsApp\DataAccess.FormsApp.Android\DataAccess.FormsApp.Android.csproj", "{FC7AEB29-C67E-437C-BCFC-A90DBAF310B5}"
EndProject
Project("{FAE04EC0-301F-11D3-BF4B-00C04F79EFBC}") = "DataAccess.FormsApp.iOS", "DataAccess.FormsApp\DataAccess.FormsApp.iOS\DataAccess.FormsApp.iOS.csproj", "{FFF153A2-77D5-4FA9-ADB2-CA95A45D933D}"
EndProject
Project("{9A19103F-16F7-4668-BE54-9A1E7A4F7556}") = "DataAccess.FormsApp", "DataAccess.FormsApp\DataAccess.FormsApp\DataAccess.FormsApp.csproj", "{0E8ABB42-329B-4816-BD66-BC3188038402}"
EndProject
Project("{2150E333-8FDC-42A3-9474-1A3956D46DE8}") = "Solution Items", "Solution Items", "{3E70C41A-6465-429F-84A4-DD1C4DA52A66}"
	ProjectSection(SolutionItems) = preProject
		.editorconfig = .editorconfig
		DataAccess.FormsApp.ruleset = DataAccess.FormsApp.ruleset
		DataAccess.FormsApp.sln.DotSettings = DataAccess.FormsApp.sln.DotSettings
		Directory.Build.props = Directory.Build.props
		Directory.Build.targets = Directory.Build.targets
	EndProjectSection
EndProject
Global
	GlobalSection(SolutionConfigurationPlatforms) = preSolution
		Ad-Hoc|Any CPU = Ad-Hoc|Any CPU
		Ad-Hoc|iPhone = Ad-Hoc|iPhone
		Ad-Hoc|iPhoneSimulator = Ad-Hoc|iPhoneSimulator
		AppStore|Any CPU = AppStore|Any CPU
		AppStore|iPhone = AppStore|iPhone
		AppStore|iPhoneSimulator = AppStore|iPhoneSimulator
		Debug|Any CPU = Debug|Any CPU
		Debug|iPhone = Debug|iPhone
		Debug|iPhoneSimulator = Debug|iPhoneSimulator
		Release|Any CPU = Release|Any CPU
		Release|iPhone = Release|iPhone
		Release|iPhoneSimulator = Release|iPhoneSimulator
	EndGlobalSection
	GlobalSection(ProjectConfigurationPlatforms) = postSolution
		{FC7AEB29-C67E-437C-BCFC-A90DBAF310B5}.Ad-Hoc|Any CPU.ActiveCfg = Release|Any CPU
		{FC7AEB29-C67E-437C-BCFC-A90DBAF310B5}.Ad-Hoc|Any CPU.Build.0 = Release|Any CPU
		{FC7AEB29-C67E-437C-BCFC-A90DBAF310B5}.Ad-Hoc|Any CPU.Deploy.0 = Release|Any CPU
		{FC7AEB29-C67E-437C-BCFC-A90DBAF310B5}.Ad-Hoc|iPhone.ActiveCfg = Release|Any CPU
		{FC7AEB29-C67E-437C-BCFC-A90DBAF310B5}.Ad-Hoc|iPhone.Build.0 = Release|Any CPU
		{FC7AEB29-C67E-437C-BCFC-A90DBAF310B5}.Ad-Hoc|iPhone.Deploy.0 = Release|Any CPU
		{FC7AEB29-C67E-437C-BCFC-A90DBAF310B5}.Ad-Hoc|iPhoneSimulator.ActiveCfg = Release|Any CPU
		{FC7AEB29-C67E-437C-BCFC-A90DBAF310B5}.Ad-Hoc|iPhoneSimulator.Build.0 = Release|Any CPU
		{FC7AEB29-C67E-437C-BCFC-A90DBAF310B5}.Ad-Hoc|iPhoneSimulator.Deploy.0 = Release|Any CPU
		{FC7AEB29-C67E-437C-BCFC-A90DBAF310B5}.AppStore|Any CPU.ActiveCfg = Release|Any CPU
		{FC7AEB29-C67E-437C-BCFC-A90DBAF310B5}.AppStore|Any CPU.Build.0 = Release|Any CPU
		{FC7AEB29-C67E-437C-BCFC-A90DBAF310B5}.AppStore|Any CPU.Deploy.0 = Release|Any CPU
		{FC7AEB29-C67E-437C-BCFC-A90DBAF310B5}.AppStore|iPhone.ActiveCfg = Release|Any CPU
		{FC7AEB29-C67E-437C-BCFC-A90DBAF310B5}.AppStore|iPhone.Build.0 = Release|Any CPU
		{FC7AEB29-C67E-437C-BCFC-A90DBAF310B5}.AppStore|iPhone.Deploy.0 = Release|Any CPU
		{FC7AEB29-C67E-437C-BCFC-A90DBAF310B5}.AppStore|iPhoneSimulator.ActiveCfg = Release|Any CPU
		{FC7AEB29-C67E-437C-BCFC-A90DBAF310B5}.AppStore|iPhoneSimulator.Build.0 = Release|Any CPU
		{FC7AEB29-C67E-437C-BCFC-A90DBAF310B5}.AppStore|iPhoneSimulator.Deploy.0 = Release|Any CPU
		{FC7AEB29-C67E-437C-BCFC-A90DBAF310B5}.Debug|Any CPU.ActiveCfg = Debug|Any CPU
		{FC7AEB29-C67E-437C-BCFC-A90DBAF310B5}.Debug|Any CPU.Build.0 = Debug|Any CPU
		{FC7AEB29-C67E-437C-BCFC-A90DBAF310B5}.Debug|Any CPU.Deploy.0 = Debug|Any CPU
		{FC7AEB29-C67E-437C-BCFC-A90DBAF310B5}.Debug|iPhone.ActiveCfg = Debug|Any CPU
		{FC7AEB29-C67E-437C-BCFC-A90DBAF310B5}.Debug|iPhone.Build.0 = Debug|Any CPU
		{FC7AEB29-C67E-437C-BCFC-A90DBAF310B5}.Debug|iPhone.Deploy.0 = Debug|Any CPU
		{FC7AEB29-C67E-437C-BCFC-A90DBAF310B5}.Debug|iPhoneSimulator.ActiveCfg = Debug|Any CPU
		{FC7AEB29-C67E-437C-BCFC-A90DBAF310B5}.Debug|iPhoneSimulator.Build.0 = Debug|Any CPU
		{FC7AEB29-C67E-437C-BCFC-A90DBAF310B5}.Debug|iPhoneSimulator.Deploy.0 = Debug|Any CPU
		{FC7AEB29-C67E-437C-BCFC-A90DBAF310B5}.Release|Any CPU.ActiveCfg = Release|Any CPU
		{FC7AEB29-C67E-437C-BCFC-A90DBAF310B5}.Release|Any CPU.Build.0 = Release|Any CPU
		{FC7AEB29-C67E-437C-BCFC-A90DBAF310B5}.Release|Any CPU.Deploy.0 = Release|Any CPU
		{FC7AEB29-C67E-437C-BCFC-A90DBAF310B5}.Release|iPhone.ActiveCfg = Release|Any CPU
		{FC7AEB29-C67E-437C-BCFC-A90DBAF310B5}.Release|iPhone.Build.0 = Release|Any CPU
		{FC7AEB29-C67E-437C-BCFC-A90DBAF310B5}.Release|iPhone.Deploy.0 = Release|Any CPU
		{FC7AEB29-C67E-437C-BCFC-A90DBAF310B5}.Release|iPhoneSimulator.ActiveCfg = Release|Any CPU
		{FC7AEB29-C67E-437C-BCFC-A90DBAF310B5}.Release|iPhoneSimulator.Build.0 = Release|Any CPU
		{FC7AEB29-C67E-437C-BCFC-A90DBAF310B5}.Release|iPhoneSimulator.Deploy.0 = Release|Any CPU
		{FFF153A2-77D5-4FA9-ADB2-CA95A45D933D}.Ad-Hoc|Any CPU.ActiveCfg = Ad-Hoc|iPhone
		{FFF153A2-77D5-4FA9-ADB2-CA95A45D933D}.Ad-Hoc|Any CPU.Build.0 = Ad-Hoc|iPhone
		{FFF153A2-77D5-4FA9-ADB2-CA95A45D933D}.Ad-Hoc|Any CPU.Deploy.0 = Ad-Hoc|iPhone
		{FFF153A2-77D5-4FA9-ADB2-CA95A45D933D}.Ad-Hoc|iPhone.ActiveCfg = Ad-Hoc|iPhone
		{FFF153A2-77D5-4FA9-ADB2-CA95A45D933D}.Ad-Hoc|iPhone.Build.0 = Ad-Hoc|iPhone
		{FFF153A2-77D5-4FA9-ADB2-CA95A45D933D}.Ad-Hoc|iPhone.Deploy.0 = Ad-Hoc|iPhone
		{FFF153A2-77D5-4FA9-ADB2-CA95A45D933D}.Ad-Hoc|iPhoneSimulator.ActiveCfg = Ad-Hoc|iPhoneSimulator
		{FFF153A2-77D5-4FA9-ADB2-CA95A45D933D}.Ad-Hoc|iPhoneSimulator.Build.0 = Ad-Hoc|iPhoneSimulator
		{FFF153A2-77D5-4FA9-ADB2-CA95A45D933D}.Ad-Hoc|iPhoneSimulator.Deploy.0 = Ad-Hoc|iPhoneSimulator
		{FFF153A2-77D5-4FA9-ADB2-CA95A45D933D}.AppStore|Any CPU.ActiveCfg = AppStore|iPhone
		{FFF153A2-77D5-4FA9-ADB2-CA95A45D933D}.AppStore|Any CPU.Build.0 = AppStore|iPhone
		{FFF153A2-77D5-4FA9-ADB2-CA95A45D933D}.AppStore|Any CPU.Deploy.0 = AppStore|iPhone
		{FFF153A2-77D5-4FA9-ADB2-CA95A45D933D}.AppStore|iPhone.ActiveCfg = AppStore|iPhone
		{FFF153A2-77D5-4FA9-ADB2-CA95A45D933D}.AppStore|iPhone.Build.0 = AppStore|iPhone
		{FFF153A2-77D5-4FA9-ADB2-CA95A45D933D}.AppStore|iPhone.Deploy.0 = AppStore|iPhone
		{FFF153A2-77D5-4FA9-ADB2-CA95A45D933D}.AppStore|iPhoneSimulator.ActiveCfg = AppStore|iPhoneSimulator
		{FFF153A2-77D5-4FA9-ADB2-CA95A45D933D}.AppStore|iPhoneSimulator.Build.0 = AppStore|iPhoneSimulator
		{FFF153A2-77D5-4FA9-ADB2-CA95A45D933D}.AppStore|iPhoneSimulator.Deploy.0 = AppStore|iPhoneSimulator
		{FFF153A2-77D5-4FA9-ADB2-CA95A45D933D}.Debug|Any CPU.ActiveCfg = Debug|iPhoneSimulator
		{FFF153A2-77D5-4FA9-ADB2-CA95A45D933D}.Debug|Any CPU.Build.0 = Debug|iPhoneSimulator
		{FFF153A2-77D5-4FA9-ADB2-CA95A45D933D}.Debug|Any CPU.Deploy.0 = Debug|iPhoneSimulator
		{FFF153A2-77D5-4FA9-ADB2-CA95A45D933D}.Debug|iPhone.ActiveCfg = Debug|iPhone
		{FFF153A2-77D5-4FA9-ADB2-CA95A45D933D}.Debug|iPhone.Build.0 = Debug|iPhone
		{FFF153A2-77D5-4FA9-ADB2-CA95A45D933D}.Debug|iPhone.Deploy.0 = Debug|iPhone
		{FFF153A2-77D5-4FA9-ADB2-CA95A45D933D}.Debug|iPhoneSimulator.ActiveCfg = Debug|iPhoneSimulator
		{FFF153A2-77D5-4FA9-ADB2-CA95A45D933D}.Debug|iPhoneSimulator.Build.0 = Debug|iPhoneSimulator
		{FFF153A2-77D5-4FA9-ADB2-CA95A45D933D}.Debug|iPhoneSimulator.Deploy.0 = Debug|iPhoneSimulator
		{FFF153A2-77D5-4FA9-ADB2-CA95A45D933D}.Release|Any CPU.ActiveCfg = Release|iPhone
		{FFF153A2-77D5-4FA9-ADB2-CA95A45D933D}.Release|Any CPU.Build.0 = Release|iPhone
		{FFF153A2-77D5-4FA9-ADB2-CA95A45D933D}.Release|Any CPU.Deploy.0 = Release|iPhone
		{FFF153A2-77D5-4FA9-ADB2-CA95A45D933D}.Release|iPhone.ActiveCfg = Release|iPhone
		{FFF153A2-77D5-4FA9-ADB2-CA95A45D933D}.Release|iPhone.Build.0 = Release|iPhone
		{FFF153A2-77D5-4FA9-ADB2-CA95A45D933D}.Release|iPhone.Deploy.0 = Release|iPhone
		{FFF153A2-77D5-4FA9-ADB2-CA95A45D933D}.Release|iPhoneSimulator.ActiveCfg = Release|iPhoneSimulator
		{FFF153A2-77D5-4FA9-ADB2-CA95A45D933D}.Release|iPhoneSimulator.Build.0 = Release|iPhoneSimulator
		{FFF153A2-77D5-4FA9-ADB2-CA95A45D933D}.Release|iPhoneSimulator.Deploy.0 = Release|iPhoneSimulator
		{0E8ABB42-329B-4816-BD66-BC3188038402}.Ad-Hoc|Any CPU.ActiveCfg = Debug|Any CPU
		{0E8ABB42-329B-4816-BD66-BC3188038402}.Ad-Hoc|Any CPU.Build.0 = Debug|Any CPU
		{0E8ABB42-329B-4816-BD66-BC3188038402}.Ad-Hoc|Any CPU.Deploy.0 = Debug|Any CPU
		{0E8ABB42-329B-4816-BD66-BC3188038402}.Ad-Hoc|iPhone.ActiveCfg = Debug|Any CPU
		{0E8ABB42-329B-4816-BD66-BC3188038402}.Ad-Hoc|iPhone.Build.0 = Debug|Any CPU
		{0E8ABB42-329B-4816-BD66-BC3188038402}.Ad-Hoc|iPhone.Deploy.0 = Debug|Any CPU
		{0E8ABB42-329B-4816-BD66-BC3188038402}.Ad-Hoc|iPhoneSimulator.ActiveCfg = Debug|Any CPU
		{0E8ABB42-329B-4816-BD66-BC3188038402}.Ad-Hoc|iPhoneSimulator.Build.0 = Debug|Any CPU
		{0E8ABB42-329B-4816-BD66-BC3188038402}.Ad-Hoc|iPhoneSimulator.Deploy.0 = Debug|Any CPU
		{0E8ABB42-329B-4816-BD66-BC3188038402}.AppStore|Any CPU.ActiveCfg = Debug|Any CPU
		{0E8ABB42-329B-4816-BD66-BC3188038402}.AppStore|Any CPU.Build.0 = Debug|Any CPU
		{0E8ABB42-329B-4816-BD66-BC3188038402}.AppStore|Any CPU.Deploy.0 = Debug|Any CPU
		{0E8ABB42-329B-4816-BD66-BC3188038402}.AppStore|iPhone.ActiveCfg = Debug|Any CPU
		{0E8ABB42-329B-4816-BD66-BC3188038402}.AppStore|iPhone.Build.0 = Debug|Any CPU
		{0E8ABB42-329B-4816-BD66-BC3188038402}.AppStore|iPhone.Deploy.0 = Debug|Any CPU
		{0E8ABB42-329B-4816-BD66-BC3188038402}.AppStore|iPhoneSimulator.ActiveCfg = Debug|Any CPU
		{0E8ABB42-329B-4816-BD66-BC3188038402}.AppStore|iPhoneSimulator.Build.0 = Debug|Any CPU
		{0E8ABB42-329B-4816-BD66-BC3188038402}.AppStore|iPhoneSimulator.Deploy.0 = Debug|Any CPU
		{0E8ABB42-329B-4816-BD66-BC3188038402}.Debug|Any CPU.ActiveCfg = Debug|Any CPU
		{0E8ABB42-329B-4816-BD66-BC3188038402}.Debug|Any CPU.Build.0 = Debug|Any CPU
		{0E8ABB42-329B-4816-BD66-BC3188038402}.Debug|Any CPU.Deploy.0 = Debug|Any CPU
		{0E8ABB42-329B-4816-BD66-BC3188038402}.Debug|iPhone.ActiveCfg = Debug|Any CPU
		{0E8ABB42-329B-4816-BD66-BC3188038402}.Debug|iPhone.Build.0 = Debug|Any CPU
		{0E8ABB42-329B-4816-BD66-BC3188038402}.Debug|iPhone.Deploy.0 = Debug|Any CPU
		{0E8ABB42-329B-4816-BD66-BC3188038402}.Debug|iPhoneSimulator.ActiveCfg = Debug|Any CPU
		{0E8ABB42-329B-4816-BD66-BC3188038402}.Debug|iPhoneSimulator.Build.0 = Debug|Any CPU
		{0E8ABB42-329B-4816-BD66-BC3188038402}.Debug|iPhoneSimulator.Deploy.0 = Debug|Any CPU
		{0E8ABB42-329B-4816-BD66-BC3188038402}.Release|Any CPU.ActiveCfg = Release|Any CPU
		{0E8ABB42-329B-4816-BD66-BC3188038402}.Release|Any CPU.Build.0 = Release|Any CPU
		{0E8ABB42-329B-4816-BD66-BC3188038402}.Release|Any CPU.Deploy.0 = Release|Any CPU
		{0E8ABB42-329B-4816-BD66-BC3188038402}.Release|iPhone.ActiveCfg = Release|Any CPU
		{0E8ABB42-329B-4816-BD66-BC3188038402}.Release|iPhone.Build.0 = Release|Any CPU
		{0E8ABB42-329B-4816-BD66-BC3188038402}.Release|iPhone.Deploy.0 = Release|Any CPU
		{0E8ABB42-329B-4816-BD66-BC3188038402}.Release|iPhoneSimulator.ActiveCfg = Release|Any CPU
		{0E8ABB42-329B-4816-BD66-BC3188038402}.Release|iPhoneSimulator.Build.0 = Release|Any CPU
		{0E8ABB42-329B-4816-BD66-BC3188038402}.Release|iPhoneSimulator.Deploy.0 = Release|Any CPU
	EndGlobalSection
	GlobalSection(SolutionProperties) = preSolution
		HideSolutionNode = FALSE
	EndGlobalSection
	GlobalSection(ExtensibilityGlobals) = postSolution
		SolutionGuid = {8AD4C8B7-780F-4630-84D7-67B0E8E14EBE}
	EndGlobalSection
EndGlobal
