
Microsoft Visual Studio Solution File, Format Version 12.00
# Visual Studio Version 16
VisualStudioVersion = 16.0.28729.10
MinimumVisualStudioVersion = 10.0.40219.1
Project("{FAE04EC0-301F-11D3-BF4B-00C04F79EFBC}") = "DataAccess.FormsApp.Android", "DataAccess.FormsApp\DataAccess.FormsApp.Android\DataAccess.FormsApp.Android.csproj", "{EFA75DCD-A5B3-47B4-934E-7E1BA686A5A5}"
EndProject
Project("{FAE04EC0-301F-11D3-BF4B-00C04F79EFBC}") = "DataAccess.FormsApp.iOS", "DataAccess.FormsApp\DataAccess.FormsApp.iOS\DataAccess.FormsApp.iOS.csproj", "{BD1B3FC7-7B48-4893-A701-7F5F3D50A7A3}"
EndProject
Project("{9A19103F-16F7-4668-BE54-9A1E7A4F7556}") = "DataAccess.FormsApp", "DataAccess.FormsApp\DataAccess.FormsApp\DataAccess.FormsApp.csproj", "{E4E78BF5-0A22-4C6C-9129-1E69A2D65D43}"
EndProject
Project("{2150E333-8FDC-42A3-9474-1A3956D46DE8}") = "Solution Items", "Solution Items", "{CFD48DAA-F790-42A2-9944-BC0C445C36CC}"
	ProjectSection(SolutionItems) = preProject
		.editorconfig = .editorconfig
		DataAccess.FormsApp.ruleset = DataAccess.FormsApp.ruleset
		DataAccess.FormsApp.sln.DotSettings = DataAccess.FormsApp.sln.DotSettings
		Directory.Build.props = Directory.Build.props
		Directory.Build.targets = Directory.Build.targets
	EndProjectSection
EndProject
Project("{2150E333-8FDC-42A3-9474-1A3956D46DE8}") = "Application", "Application", "{3C0D5463-D9A4-46C4-BF6F-60E55C6CD2E5}"
EndProject
Project("{2150E333-8FDC-42A3-9474-1A3956D46DE8}") = "Library", "Library", "{B08D0693-7E80-46B7-BC60-B60F20971BCC}"
EndProject
Project("{9A19103F-16F7-4668-BE54-9A1E7A4F7556}") = "Smart.Data.Mapper", "..\Smart.Data.Mapper\Smart.Data.Mapper.csproj", "{DBAFCF62-C662-4C26-A5C3-02795A287C84}"
EndProject
Project("{9A19103F-16F7-4668-BE54-9A1E7A4F7556}") = "Smart.Data.Mapper.Builders", "..\Smart.Data.Mapper.Builders\Smart.Data.Mapper.Builders.csproj", "{793C49EA-3BDC-4C6A-831D-75A47587333F}"
EndProject
Global
	GlobalSection(SolutionConfigurationPlatforms) = preSolution
		Debug|Any CPU = Debug|Any CPU
		Debug|iPhone = Debug|iPhone
		Debug|iPhoneSimulator = Debug|iPhoneSimulator
		Release|Any CPU = Release|Any CPU
		Release|iPhone = Release|iPhone
		Release|iPhoneSimulator = Release|iPhoneSimulator
	EndGlobalSection
	GlobalSection(ProjectConfigurationPlatforms) = postSolution
		{EFA75DCD-A5B3-47B4-934E-7E1BA686A5A5}.Debug|Any CPU.ActiveCfg = Debug|Any CPU
		{EFA75DCD-A5B3-47B4-934E-7E1BA686A5A5}.Debug|Any CPU.Build.0 = Debug|Any CPU
		{EFA75DCD-A5B3-47B4-934E-7E1BA686A5A5}.Debug|Any CPU.Deploy.0 = Debug|Any CPU
		{EFA75DCD-A5B3-47B4-934E-7E1BA686A5A5}.Debug|iPhone.ActiveCfg = Debug|Any CPU
		{EFA75DCD-A5B3-47B4-934E-7E1BA686A5A5}.Debug|iPhone.Build.0 = Debug|Any CPU
		{EFA75DCD-A5B3-47B4-934E-7E1BA686A5A5}.Debug|iPhone.Deploy.0 = Debug|Any CPU
		{EFA75DCD-A5B3-47B4-934E-7E1BA686A5A5}.Debug|iPhoneSimulator.ActiveCfg = Debug|Any CPU
		{EFA75DCD-A5B3-47B4-934E-7E1BA686A5A5}.Debug|iPhoneSimulator.Build.0 = Debug|Any CPU
		{EFA75DCD-A5B3-47B4-934E-7E1BA686A5A5}.Debug|iPhoneSimulator.Deploy.0 = Debug|Any CPU
		{EFA75DCD-A5B3-47B4-934E-7E1BA686A5A5}.Release|Any CPU.ActiveCfg = Release|Any CPU
		{EFA75DCD-A5B3-47B4-934E-7E1BA686A5A5}.Release|Any CPU.Build.0 = Release|Any CPU
		{EFA75DCD-A5B3-47B4-934E-7E1BA686A5A5}.Release|Any CPU.Deploy.0 = Release|Any CPU
		{EFA75DCD-A5B3-47B4-934E-7E1BA686A5A5}.Release|iPhone.ActiveCfg = Release|Any CPU
		{EFA75DCD-A5B3-47B4-934E-7E1BA686A5A5}.Release|iPhone.Build.0 = Release|Any CPU
		{EFA75DCD-A5B3-47B4-934E-7E1BA686A5A5}.Release|iPhone.Deploy.0 = Release|Any CPU
		{EFA75DCD-A5B3-47B4-934E-7E1BA686A5A5}.Release|iPhoneSimulator.ActiveCfg = Release|Any CPU
		{EFA75DCD-A5B3-47B4-934E-7E1BA686A5A5}.Release|iPhoneSimulator.Build.0 = Release|Any CPU
		{EFA75DCD-A5B3-47B4-934E-7E1BA686A5A5}.Release|iPhoneSimulator.Deploy.0 = Release|Any CPU
		{BD1B3FC7-7B48-4893-A701-7F5F3D50A7A3}.Debug|Any CPU.ActiveCfg = Debug|iPhoneSimulator
		{BD1B3FC7-7B48-4893-A701-7F5F3D50A7A3}.Debug|Any CPU.Build.0 = Debug|iPhoneSimulator
		{BD1B3FC7-7B48-4893-A701-7F5F3D50A7A3}.Debug|Any CPU.Deploy.0 = Debug|iPhoneSimulator
		{BD1B3FC7-7B48-4893-A701-7F5F3D50A7A3}.Debug|iPhone.ActiveCfg = Debug|iPhone
		{BD1B3FC7-7B48-4893-A701-7F5F3D50A7A3}.Debug|iPhone.Build.0 = Debug|iPhone
		{BD1B3FC7-7B48-4893-A701-7F5F3D50A7A3}.Debug|iPhone.Deploy.0 = Debug|iPhone
		{BD1B3FC7-7B48-4893-A701-7F5F3D50A7A3}.Debug|iPhoneSimulator.ActiveCfg = Debug|iPhoneSimulator
		{BD1B3FC7-7B48-4893-A701-7F5F3D50A7A3}.Debug|iPhoneSimulator.Build.0 = Debug|iPhoneSimulator
		{BD1B3FC7-7B48-4893-A701-7F5F3D50A7A3}.Debug|iPhoneSimulator.Deploy.0 = Debug|iPhoneSimulator
		{BD1B3FC7-7B48-4893-A701-7F5F3D50A7A3}.Release|Any CPU.ActiveCfg = Release|iPhone
		{BD1B3FC7-7B48-4893-A701-7F5F3D50A7A3}.Release|Any CPU.Build.0 = Release|iPhone
		{BD1B3FC7-7B48-4893-A701-7F5F3D50A7A3}.Release|Any CPU.Deploy.0 = Release|iPhone
		{BD1B3FC7-7B48-4893-A701-7F5F3D50A7A3}.Release|iPhone.ActiveCfg = Release|iPhone
		{BD1B3FC7-7B48-4893-A701-7F5F3D50A7A3}.Release|iPhone.Build.0 = Release|iPhone
		{BD1B3FC7-7B48-4893-A701-7F5F3D50A7A3}.Release|iPhone.Deploy.0 = Release|iPhone
		{BD1B3FC7-7B48-4893-A701-7F5F3D50A7A3}.Release|iPhoneSimulator.ActiveCfg = Release|iPhoneSimulator
		{BD1B3FC7-7B48-4893-A701-7F5F3D50A7A3}.Release|iPhoneSimulator.Build.0 = Release|iPhoneSimulator
		{BD1B3FC7-7B48-4893-A701-7F5F3D50A7A3}.Release|iPhoneSimulator.Deploy.0 = Release|iPhoneSimulator
		{E4E78BF5-0A22-4C6C-9129-1E69A2D65D43}.Debug|Any CPU.ActiveCfg = Debug|Any CPU
		{E4E78BF5-0A22-4C6C-9129-1E69A2D65D43}.Debug|Any CPU.Build.0 = Debug|Any CPU
		{E4E78BF5-0A22-4C6C-9129-1E69A2D65D43}.Debug|Any CPU.Deploy.0 = Debug|Any CPU
		{E4E78BF5-0A22-4C6C-9129-1E69A2D65D43}.Debug|iPhone.ActiveCfg = Debug|Any CPU
		{E4E78BF5-0A22-4C6C-9129-1E69A2D65D43}.Debug|iPhone.Build.0 = Debug|Any CPU
		{E4E78BF5-0A22-4C6C-9129-1E69A2D65D43}.Debug|iPhone.Deploy.0 = Debug|Any CPU
		{E4E78BF5-0A22-4C6C-9129-1E69A2D65D43}.Debug|iPhoneSimulator.ActiveCfg = Debug|Any CPU
		{E4E78BF5-0A22-4C6C-9129-1E69A2D65D43}.Debug|iPhoneSimulator.Build.0 = Debug|Any CPU
		{E4E78BF5-0A22-4C6C-9129-1E69A2D65D43}.Debug|iPhoneSimulator.Deploy.0 = Debug|Any CPU
		{E4E78BF5-0A22-4C6C-9129-1E69A2D65D43}.Release|Any CPU.ActiveCfg = Release|Any CPU
		{E4E78BF5-0A22-4C6C-9129-1E69A2D65D43}.Release|Any CPU.Build.0 = Release|Any CPU
		{E4E78BF5-0A22-4C6C-9129-1E69A2D65D43}.Release|Any CPU.Deploy.0 = Release|Any CPU
		{E4E78BF5-0A22-4C6C-9129-1E69A2D65D43}.Release|iPhone.ActiveCfg = Release|Any CPU
		{E4E78BF5-0A22-4C6C-9129-1E69A2D65D43}.Release|iPhone.Build.0 = Release|Any CPU
		{E4E78BF5-0A22-4C6C-9129-1E69A2D65D43}.Release|iPhone.Deploy.0 = Release|Any CPU
		{E4E78BF5-0A22-4C6C-9129-1E69A2D65D43}.Release|iPhoneSimulator.ActiveCfg = Release|Any CPU
		{E4E78BF5-0A22-4C6C-9129-1E69A2D65D43}.Release|iPhoneSimulator.Build.0 = Release|Any CPU
		{E4E78BF5-0A22-4C6C-9129-1E69A2D65D43}.Release|iPhoneSimulator.Deploy.0 = Release|Any CPU
		{DBAFCF62-C662-4C26-A5C3-02795A287C84}.Debug|Any CPU.ActiveCfg = Debug|Any CPU
		{DBAFCF62-C662-4C26-A5C3-02795A287C84}.Debug|Any CPU.Build.0 = Debug|Any CPU
		{DBAFCF62-C662-4C26-A5C3-02795A287C84}.Debug|iPhone.ActiveCfg = Debug|Any CPU
		{DBAFCF62-C662-4C26-A5C3-02795A287C84}.Debug|iPhone.Build.0 = Debug|Any CPU
		{DBAFCF62-C662-4C26-A5C3-02795A287C84}.Debug|iPhoneSimulator.ActiveCfg = Debug|Any CPU
		{DBAFCF62-C662-4C26-A5C3-02795A287C84}.Debug|iPhoneSimulator.Build.0 = Debug|Any CPU
		{DBAFCF62-C662-4C26-A5C3-02795A287C84}.Release|Any CPU.ActiveCfg = Release|Any CPU
		{DBAFCF62-C662-4C26-A5C3-02795A287C84}.Release|Any CPU.Build.0 = Release|Any CPU
		{DBAFCF62-C662-4C26-A5C3-02795A287C84}.Release|iPhone.ActiveCfg = Release|Any CPU
		{DBAFCF62-C662-4C26-A5C3-02795A287C84}.Release|iPhone.Build.0 = Release|Any CPU
		{DBAFCF62-C662-4C26-A5C3-02795A287C84}.Release|iPhoneSimulator.ActiveCfg = Release|Any CPU
		{DBAFCF62-C662-4C26-A5C3-02795A287C84}.Release|iPhoneSimulator.Build.0 = Release|Any CPU
		{793C49EA-3BDC-4C6A-831D-75A47587333F}.Debug|Any CPU.ActiveCfg = Debug|Any CPU
		{793C49EA-3BDC-4C6A-831D-75A47587333F}.Debug|Any CPU.Build.0 = Debug|Any CPU
		{793C49EA-3BDC-4C6A-831D-75A47587333F}.Debug|iPhone.ActiveCfg = Debug|Any CPU
		{793C49EA-3BDC-4C6A-831D-75A47587333F}.Debug|iPhone.Build.0 = Debug|Any CPU
		{793C49EA-3BDC-4C6A-831D-75A47587333F}.Debug|iPhoneSimulator.ActiveCfg = Debug|Any CPU
		{793C49EA-3BDC-4C6A-831D-75A47587333F}.Debug|iPhoneSimulator.Build.0 = Debug|Any CPU
		{793C49EA-3BDC-4C6A-831D-75A47587333F}.Release|Any CPU.ActiveCfg = Release|Any CPU
		{793C49EA-3BDC-4C6A-831D-75A47587333F}.Release|Any CPU.Build.0 = Release|Any CPU
		{793C49EA-3BDC-4C6A-831D-75A47587333F}.Release|iPhone.ActiveCfg = Release|Any CPU
		{793C49EA-3BDC-4C6A-831D-75A47587333F}.Release|iPhone.Build.0 = Release|Any CPU
		{793C49EA-3BDC-4C6A-831D-75A47587333F}.Release|iPhoneSimulator.ActiveCfg = Release|Any CPU
		{793C49EA-3BDC-4C6A-831D-75A47587333F}.Release|iPhoneSimulator.Build.0 = Release|Any CPU
	EndGlobalSection
	GlobalSection(SolutionProperties) = preSolution
		HideSolutionNode = FALSE
	EndGlobalSection
	GlobalSection(NestedProjects) = preSolution
		{EFA75DCD-A5B3-47B4-934E-7E1BA686A5A5} = {3C0D5463-D9A4-46C4-BF6F-60E55C6CD2E5}
		{BD1B3FC7-7B48-4893-A701-7F5F3D50A7A3} = {3C0D5463-D9A4-46C4-BF6F-60E55C6CD2E5}
		{E4E78BF5-0A22-4C6C-9129-1E69A2D65D43} = {3C0D5463-D9A4-46C4-BF6F-60E55C6CD2E5}
		{DBAFCF62-C662-4C26-A5C3-02795A287C84} = {B08D0693-7E80-46B7-BC60-B60F20971BCC}
		{793C49EA-3BDC-4C6A-831D-75A47587333F} = {B08D0693-7E80-46B7-BC60-B60F20971BCC}
	EndGlobalSection
	GlobalSection(ExtensibilityGlobals) = postSolution
		SolutionGuid = {A7520F78-7B06-45BF-BA2E-486F79AC218F}
	EndGlobalSection
EndGlobal
