
Microsoft Visual Studio Solution File, Format Version 12.00
# Visual Studio 15
VisualStudioVersion = 15.0.28307.329
MinimumVisualStudioVersion = 10.0.40219.1
Project("{9A19103F-16F7-4668-BE54-9A1E7A4F7556}") = "Smart.Data.Mapper", "Smart.Data.Mapper\Smart.Data.Mapper.csproj", "{24235D2A-C278-4F0F-8374-A4AF7E9DB675}"
EndProject
Project("{9A19103F-16F7-4668-BE54-9A1E7A4F7556}") = "Smart.Data.Mapper.Tests", "Smart.Data.Mapper.Tests\Smart.Data.Mapper.Tests.csproj", "{67E383D2-6C32-4955-813A-0C5F2B82520A}"
EndProject
Project("{9A19103F-16F7-4668-BE54-9A1E7A4F7556}") = "Smart.Data.Mapper.Benchmark", "Smart.Data.Mapper.Benchmark\Smart.Data.Mapper.Benchmark.csproj", "{33CF6BFB-9800-4378-8097-9A5AB6190120}"
EndProject
Project("{2150E333-8FDC-42A3-9474-1A3956D46DE8}") = "Solution Items", "Solution Items", "{53799123-717A-47A4-B940-CB4763701BF1}"
	ProjectSection(SolutionItems) = preProject
		.editorconfig = .editorconfig
		.gitignore = .gitignore
		Directory.Build.props = Directory.Build.props
		Directory.Build.targets = Directory.Build.targets
		README.md = README.md
		Smart.Data.Mapper.nuspec = Smart.Data.Mapper.nuspec
		Smart.Data.Mapper.ruleset = Smart.Data.Mapper.ruleset
		Smart.Data.Mapper.sln.DotSettings = Smart.Data.Mapper.sln.DotSettings
	EndProjectSection
EndProject
Global
	GlobalSection(SolutionConfigurationPlatforms) = preSolution
		Debug|Any CPU = Debug|Any CPU
		Release|Any CPU = Release|Any CPU
	EndGlobalSection
	GlobalSection(ProjectConfigurationPlatforms) = postSolution
		{24235D2A-C278-4F0F-8374-A4AF7E9DB675}.Debug|Any CPU.ActiveCfg = Debug|Any CPU
		{24235D2A-C278-4F0F-8374-A4AF7E9DB675}.Debug|Any CPU.Build.0 = Debug|Any CPU
		{24235D2A-C278-4F0F-8374-A4AF7E9DB675}.Release|Any CPU.ActiveCfg = Release|Any CPU
		{24235D2A-C278-4F0F-8374-A4AF7E9DB675}.Release|Any CPU.Build.0 = Release|Any CPU
		{67E383D2-6C32-4955-813A-0C5F2B82520A}.Debug|Any CPU.ActiveCfg = Debug|Any CPU
		{67E383D2-6C32-4955-813A-0C5F2B82520A}.Debug|Any CPU.Build.0 = Debug|Any CPU
		{67E383D2-6C32-4955-813A-0C5F2B82520A}.Release|Any CPU.ActiveCfg = Release|Any CPU
		{67E383D2-6C32-4955-813A-0C5F2B82520A}.Release|Any CPU.Build.0 = Release|Any CPU
		{33CF6BFB-9800-4378-8097-9A5AB6190120}.Debug|Any CPU.ActiveCfg = Debug|Any CPU
		{33CF6BFB-9800-4378-8097-9A5AB6190120}.Debug|Any CPU.Build.0 = Debug|Any CPU
		{33CF6BFB-9800-4378-8097-9A5AB6190120}.Release|Any CPU.ActiveCfg = Release|Any CPU
		{33CF6BFB-9800-4378-8097-9A5AB6190120}.Release|Any CPU.Build.0 = Release|Any CPU
	EndGlobalSection
	GlobalSection(SolutionProperties) = preSolution
		HideSolutionNode = FALSE
	EndGlobalSection
	GlobalSection(ExtensibilityGlobals) = postSolution
		SolutionGuid = {A6475350-397C-4BC3-8F60-5800ACA7B642}
	EndGlobalSection
EndGlobal
