
Microsoft Visual Studio Solution File, Format Version 12.00
# Visual Studio Version 17
VisualStudioVersion = 17.0.31903.59
MinimumVisualStudioVersion = 10.0.40219.1
Project("{9A19103F-16F7-4668-BE54-9A1E7A4F7556}") = "Smart.Data.Mapper", "Smart.Data.Mapper\Smart.Data.Mapper.csproj", "{24235D2A-C278-4F0F-8374-A4AF7E9DB675}"
EndProject
Project("{9A19103F-16F7-4668-BE54-9A1E7A4F7556}") = "Smart.Data.Mapper.Tests", "Smart.Data.Mapper.Tests\Smart.Data.Mapper.Tests.csproj", "{67E383D2-6C32-4955-813A-0C5F2B82520A}"
EndProject
Project("{9A19103F-16F7-4668-BE54-9A1E7A4F7556}") = "Smart.Data.Mapper.Benchmark", "Smart.Data.Mapper.Benchmark\Smart.Data.Mapper.Benchmark.csproj", "{33CF6BFB-9800-4378-8097-9A5AB6190120}"
EndProject
Project("{2150E333-8FDC-42A3-9474-1A3956D46DE8}") = "Solution Items", "Solution Items", "{53799123-717A-47A4-B940-CB4763701BF1}"
	ProjectSection(SolutionItems) = preProject
		.editorconfig = .editorconfig
		.gitattributes = .gitattributes
		.gitignore = .gitignore
		Directory.Build.props = Directory.Build.props
		Directory.Build.targets = Directory.Build.targets
		LICENSE = LICENSE
		README.md = README.md
		Smart.Data.Mapper.ruleset = Smart.Data.Mapper.ruleset
		Smart.Data.Mapper.sln.DotSettings = Smart.Data.Mapper.sln.DotSettings
	EndProjectSection
EndProject
Project("{2150E333-8FDC-42A3-9474-1A3956D46DE8}") = "Library", "Library", "{BFD0252B-6097-4310-9D8B-FB8B56B42A5D}"
EndProject
Project("{2150E333-8FDC-42A3-9474-1A3956D46DE8}") = "Benchmark", "Benchmark", "{ADBBC64D-6680-40D5-BE2A-ABF17E88843C}"
EndProject
Project("{2150E333-8FDC-42A3-9474-1A3956D46DE8}") = "Test", "Test", "{89E6E3C6-806D-482B-878C-EF42F8633E07}"
EndProject
Project("{9A19103F-16F7-4668-BE54-9A1E7A4F7556}") = "Smart.Data.Mapper.Builders", "Smart.Data.Mapper.Builders\Smart.Data.Mapper.Builders.csproj", "{280FA5A4-F14B-4B38-A15E-D9AA374F032E}"
EndProject
Global
	GlobalSection(SolutionConfigurationPlatforms) = preSolution
		Debug|Any CPU = Debug|Any CPU
		Release|Any CPU = Release|Any CPU
	EndGlobalSection
	GlobalSection(ProjectConfigurationPlatforms) = postSolution
		{24235D2A-C278-4F0F-8374-A4AF7E9DB675}.Debug|Any CPU.ActiveCfg = Debug|Any CPU
		{24235D2A-C278-4F0F-8374-A4AF7E9DB675}.Debug|Any CPU.Build.0 = Debug|Any CPU
		{24235D2A-C278-4F0F-8374-A4AF7E9DB675}.Release|Any CPU.ActiveCfg = Release|Any CPU
		{24235D2A-C278-4F0F-8374-A4AF7E9DB675}.Release|Any CPU.Build.0 = Release|Any CPU
		{67E383D2-6C32-4955-813A-0C5F2B82520A}.Debug|Any CPU.ActiveCfg = Debug|Any CPU
		{67E383D2-6C32-4955-813A-0C5F2B82520A}.Debug|Any CPU.Build.0 = Debug|Any CPU
		{67E383D2-6C32-4955-813A-0C5F2B82520A}.Release|Any CPU.ActiveCfg = Release|Any CPU
		{67E383D2-6C32-4955-813A-0C5F2B82520A}.Release|Any CPU.Build.0 = Release|Any CPU
		{33CF6BFB-9800-4378-8097-9A5AB6190120}.Debug|Any CPU.ActiveCfg = Debug|Any CPU
		{33CF6BFB-9800-4378-8097-9A5AB6190120}.Debug|Any CPU.Build.0 = Debug|Any CPU
		{33CF6BFB-9800-4378-8097-9A5AB6190120}.Release|Any CPU.ActiveCfg = Release|Any CPU
		{33CF6BFB-9800-4378-8097-9A5AB6190120}.Release|Any CPU.Build.0 = Release|Any CPU
		{280FA5A4-F14B-4B38-A15E-D9AA374F032E}.Debug|Any CPU.ActiveCfg = Debug|Any CPU
		{280FA5A4-F14B-4B38-A15E-D9AA374F032E}.Debug|Any CPU.Build.0 = Debug|Any CPU
		{280FA5A4-F14B-4B38-A15E-D9AA374F032E}.Release|Any CPU.ActiveCfg = Release|Any CPU
		{280FA5A4-F14B-4B38-A15E-D9AA374F032E}.Release|Any CPU.Build.0 = Release|Any CPU
	EndGlobalSection
	GlobalSection(SolutionProperties) = preSolution
		HideSolutionNode = FALSE
	EndGlobalSection
	GlobalSection(NestedProjects) = preSolution
		{24235D2A-C278-4F0F-8374-A4AF7E9DB675} = {BFD0252B-6097-4310-9D8B-FB8B56B42A5D}
		{67E383D2-6C32-4955-813A-0C5F2B82520A} = {89E6E3C6-806D-482B-878C-EF42F8633E07}
		{33CF6BFB-9800-4378-8097-9A5AB6190120} = {ADBBC64D-6680-40D5-BE2A-ABF17E88843C}
		{280FA5A4-F14B-4B38-A15E-D9AA374F032E} = {BFD0252B-6097-4310-9D8B-FB8B56B42A5D}
	EndGlobalSection
	GlobalSection(ExtensibilityGlobals) = postSolution
		SolutionGuid = {A6475350-397C-4BC3-8F60-5800ACA7B642}
	EndGlobalSection
EndGlobal
